
Microsoft Visual Studio Solution File, Format Version 12.00
# Visual Studio Version 16
VisualStudioVersion = 16.0.31229.75
MinimumVisualStudioVersion = 10.0.40219.1
Project("{FAE04EC0-301F-11D3-BF4B-00C04F79EFBC}") = "dokums-tweets", "dokums-tweets\dokums-tweets.csproj", "{27C840FA-43A1-49DC-A969-817C6E0C8299}"
EndProject
Global
	GlobalSection(SolutionConfigurationPlatforms) = preSolution
		Debug|Any CPU = Debug|Any CPU
		Release|Any CPU = Release|Any CPU
	EndGlobalSection
	GlobalSection(ProjectConfigurationPlatforms) = postSolution
		{27C840FA-43A1-49DC-A969-817C6E0C8299}.Debug|Any CPU.ActiveCfg = Debug|Any CPU
		{27C840FA-43A1-49DC-A969-817C6E0C8299}.Debug|Any CPU.Build.0 = Debug|Any CPU
		{27C840FA-43A1-49DC-A969-817C6E0C8299}.Release|Any CPU.ActiveCfg = Release|Any CPU
		{27C840FA-43A1-49DC-A969-817C6E0C8299}.Release|Any CPU.Build.0 = Release|Any CPU
	EndGlobalSection
	GlobalSection(SolutionProperties) = preSolution
		HideSolutionNode = FALSE
	EndGlobalSection
	GlobalSection(ExtensibilityGlobals) = postSolution
		SolutionGuid = {435D0F83-2C9E-4077-81B1-34CDAA107915}
	EndGlobalSection
EndGlobal
